
Microsoft Visual Studio Solution File, Format Version 12.00
# Visual Studio Version 17
VisualStudioVersion = 17.5.33516.290
MinimumVisualStudioVersion = 10.0.40219.1
Project("{FAE04EC0-301F-11D3-BF4B-00C04F79EFBC}") = "Task2", "Task2\Task2.csproj", "{92E1504C-0B2C-44C3-992A-C63F9AF5DA3D}"
EndProject
Global
	GlobalSection(SolutionConfigurationPlatforms) = preSolution
		Debug|Any CPU = Debug|Any CPU
		Release|Any CPU = Release|Any CPU
	EndGlobalSection
	GlobalSection(ProjectConfigurationPlatforms) = postSolution
		{92E1504C-0B2C-44C3-992A-C63F9AF5DA3D}.Debug|Any CPU.ActiveCfg = Debug|Any CPU
		{92E1504C-0B2C-44C3-992A-C63F9AF5DA3D}.Debug|Any CPU.Build.0 = Debug|Any CPU
		{92E1504C-0B2C-44C3-992A-C63F9AF5DA3D}.Release|Any CPU.ActiveCfg = Release|Any CPU
		{92E1504C-0B2C-44C3-992A-C63F9AF5DA3D}.Release|Any CPU.Build.0 = Release|Any CPU
	EndGlobalSection
	GlobalSection(SolutionProperties) = preSolution
		HideSolutionNode = FALSE
	EndGlobalSection
	GlobalSection(ExtensibilityGlobals) = postSolution
		SolutionGuid = {C40BCB74-0882-4012-A4B1-E8D9265AE0C0}
	EndGlobalSection
EndGlobal
